{
  "name": "ff-twin-bridge",
  "version": "0.0.0",
  "lockfileVersion": 3,
  "requires": true,
  "packages": {
    "": {
      "name": "ff-twin-bridge",
      "version": "0.0.0",
      "dependencies": {
        "dotenv": "^17.4.2",
        "jose": "^6.2.4"
      }
    },
    "node_modules/dotenv": {
      "version": "17.4.2",
      "resolved": "https://registry.npmjs.org/dotenv/-/dotenv-17.4.2.tgz",
      "integrity": "sha512-nI4U3TottKAcAD9LLud4Cb7b2QztQMUEfHbvhTH09bqXTxnSie8WnjPALV/WMCrJZ6UV/qHJ6L03OqO3LcdYZw==",
      "license": "BSD-2-Clause",
      "engines": {
        "node": ">=12"
      },
      "funding": {
        "url": "https://dotenvx.com"
      }
    },
    "node_modules/jose": {
      "version": "6.2.6",
      "resolved": "https://registry.npmjs.org/jose/-/jose-6.2.6.tgz",
      "integrity": "sha512-HwMtbJjMw8rC8dUTwCNilHJD+fxTeKM3JV1eprSmTjS41qwXSSt6exJXgyPK1QOu0jB9eDYLESRDkB3qaT3jnw==",
      "license": "MIT",
      "funding": {
        "url": "https://github.com/sponsors/panva"
      }
    }
  }
}
